
Microsoft Visual Studio Solution File, Format Version 12.00
# Visual Studio 15
VisualStudioVersion = 15.0.26124.0
MinimumVisualStudioVersion = 15.0.26124.0
Project("{FAE04EC0-301F-11D3-BF4B-00C04F79EFBC}") = "REST", "REST\REST.csproj", "{DBCBD703-9600-40D1-80BB-D2DFED364F2D}"
EndProject
Project("{FAE04EC0-301F-11D3-BF4B-00C04F79EFBC}") = "Testing", "Testing\Testing.csproj", "{B7D3286A-3919-4BA6-AC03-34A2FF83FACF}"
EndProject
Project("{FAE04EC0-301F-11D3-BF4B-00C04F79EFBC}") = "DataLayer", "DataLayer\DataLayer.csproj", "{9D1B0E18-FF4D-465F-B908-95FEE79DAC03}"
EndProject
Project("{FAE04EC0-301F-11D3-BF4B-00C04F79EFBC}") = "Models", "Models\Models.csproj", "{5666D581-800E-4B35-BD6D-2955A248FE70}"
EndProject
Project("{FAE04EC0-301F-11D3-BF4B-00C04F79EFBC}") = "BusinessLayer", "BusinessLayer\BusinessLayer.csproj", "{BB6E35B4-0701-477C-8AAF-F282F8D3086E}"
EndProject
Global
	GlobalSection(SolutionConfigurationPlatforms) = preSolution
		Debug|Any CPU = Debug|Any CPU
		Debug|x64 = Debug|x64
		Debug|x86 = Debug|x86
		Release|Any CPU = Release|Any CPU
		Release|x64 = Release|x64
		Release|x86 = Release|x86
	EndGlobalSection
	GlobalSection(SolutionProperties) = preSolution
		HideSolutionNode = FALSE
	EndGlobalSection
	GlobalSection(ProjectConfigurationPlatforms) = postSolution
		{DBCBD703-9600-40D1-80BB-D2DFED364F2D}.Debug|Any CPU.ActiveCfg = Debug|Any CPU
		{DBCBD703-9600-40D1-80BB-D2DFED364F2D}.Debug|Any CPU.Build.0 = Debug|Any CPU
		{DBCBD703-9600-40D1-80BB-D2DFED364F2D}.Debug|x64.ActiveCfg = Debug|Any CPU
		{DBCBD703-9600-40D1-80BB-D2DFED364F2D}.Debug|x64.Build.0 = Debug|Any CPU
		{DBCBD703-9600-40D1-80BB-D2DFED364F2D}.Debug|x86.ActiveCfg = Debug|Any CPU
		{DBCBD703-9600-40D1-80BB-D2DFED364F2D}.Debug|x86.Build.0 = Debug|Any CPU
		{DBCBD703-9600-40D1-80BB-D2DFED364F2D}.Release|Any CPU.ActiveCfg = Release|Any CPU
		{DBCBD703-9600-40D1-80BB-D2DFED364F2D}.Release|Any CPU.Build.0 = Release|Any CPU
		{DBCBD703-9600-40D1-80BB-D2DFED364F2D}.Release|x64.ActiveCfg = Release|Any CPU
		{DBCBD703-9600-40D1-80BB-D2DFED364F2D}.Release|x64.Build.0 = Release|Any CPU
		{DBCBD703-9600-40D1-80BB-D2DFED364F2D}.Release|x86.ActiveCfg = Release|Any CPU
		{DBCBD703-9600-40D1-80BB-D2DFED364F2D}.Release|x86.Build.0 = Release|Any CPU
		{B7D3286A-3919-4BA6-AC03-34A2FF83FACF}.Debug|Any CPU.ActiveCfg = Debug|Any CPU
		{B7D3286A-3919-4BA6-AC03-34A2FF83FACF}.Debug|Any CPU.Build.0 = Debug|Any CPU
		{B7D3286A-3919-4BA6-AC03-34A2FF83FACF}.Debug|x64.ActiveCfg = Debug|Any CPU
		{B7D3286A-3919-4BA6-AC03-34A2FF83FACF}.Debug|x64.Build.0 = Debug|Any CPU
		{B7D3286A-3919-4BA6-AC03-34A2FF83FACF}.Debug|x86.ActiveCfg = Debug|Any CPU
		{B7D3286A-3919-4BA6-AC03-34A2FF83FACF}.Debug|x86.Build.0 = Debug|Any CPU
		{B7D3286A-3919-4BA6-AC03-34A2FF83FACF}.Release|Any CPU.ActiveCfg = Release|Any CPU
		{B7D3286A-3919-4BA6-AC03-34A2FF83FACF}.Release|Any CPU.Build.0 = Release|Any CPU
		{B7D3286A-3919-4BA6-AC03-34A2FF83FACF}.Release|x64.ActiveCfg = Release|Any CPU
		{B7D3286A-3919-4BA6-AC03-34A2FF83FACF}.Release|x64.Build.0 = Release|Any CPU
		{B7D3286A-3919-4BA6-AC03-34A2FF83FACF}.Release|x86.ActiveCfg = Release|Any CPU
		{B7D3286A-3919-4BA6-AC03-34A2FF83FACF}.Release|x86.Build.0 = Release|Any CPU
		{9D1B0E18-FF4D-465F-B908-95FEE79DAC03}.Debug|Any CPU.ActiveCfg = Debug|Any CPU
		{9D1B0E18-FF4D-465F-B908-95FEE79DAC03}.Debug|Any CPU.Build.0 = Debug|Any CPU
		{9D1B0E18-FF4D-465F-B908-95FEE79DAC03}.Debug|x64.ActiveCfg = Debug|Any CPU
		{9D1B0E18-FF4D-465F-B908-95FEE79DAC03}.Debug|x64.Build.0 = Debug|Any CPU
		{9D1B0E18-FF4D-465F-B908-95FEE79DAC03}.Debug|x86.ActiveCfg = Debug|Any CPU
		{9D1B0E18-FF4D-465F-B908-95FEE79DAC03}.Debug|x86.Build.0 = Debug|Any CPU
		{9D1B0E18-FF4D-465F-B908-95FEE79DAC03}.Release|Any CPU.ActiveCfg = Release|Any CPU
		{9D1B0E18-FF4D-465F-B908-95FEE79DAC03}.Release|Any CPU.Build.0 = Release|Any CPU
		{9D1B0E18-FF4D-465F-B908-95FEE79DAC03}.Release|x64.ActiveCfg = Release|Any CPU
		{9D1B0E18-FF4D-465F-B908-95FEE79DAC03}.Release|x64.Build.0 = Release|Any CPU
		{9D1B0E18-FF4D-465F-B908-95FEE79DAC03}.Release|x86.ActiveCfg = Release|Any CPU
		{9D1B0E18-FF4D-465F-B908-95FEE79DAC03}.Release|x86.Build.0 = Release|Any CPU
		{5666D581-800E-4B35-BD6D-2955A248FE70}.Debug|Any CPU.ActiveCfg = Debug|Any CPU
		{5666D581-800E-4B35-BD6D-2955A248FE70}.Debug|Any CPU.Build.0 = Debug|Any CPU
		{5666D581-800E-4B35-BD6D-2955A248FE70}.Debug|x64.ActiveCfg = Debug|Any CPU
		{5666D581-800E-4B35-BD6D-2955A248FE70}.Debug|x64.Build.0 = Debug|Any CPU
		{5666D581-800E-4B35-BD6D-2955A248FE70}.Debug|x86.ActiveCfg = Debug|Any CPU
		{5666D581-800E-4B35-BD6D-2955A248FE70}.Debug|x86.Build.0 = Debug|Any CPU
		{5666D581-800E-4B35-BD6D-2955A248FE70}.Release|Any CPU.ActiveCfg = Release|Any CPU
		{5666D581-800E-4B35-BD6D-2955A248FE70}.Release|Any CPU.Build.0 = Release|Any CPU
		{5666D581-800E-4B35-BD6D-2955A248FE70}.Release|x64.ActiveCfg = Release|Any CPU
		{5666D581-800E-4B35-BD6D-2955A248FE70}.Release|x64.Build.0 = Release|Any CPU
		{5666D581-800E-4B35-BD6D-2955A248FE70}.Release|x86.ActiveCfg = Release|Any CPU
		{5666D581-800E-4B35-BD6D-2955A248FE70}.Release|x86.Build.0 = Release|Any CPU
		{BB6E35B4-0701-477C-8AAF-F282F8D3086E}.Debug|Any CPU.ActiveCfg = Debug|Any CPU
		{BB6E35B4-0701-477C-8AAF-F282F8D3086E}.Debug|Any CPU.Build.0 = Debug|Any CPU
		{BB6E35B4-0701-477C-8AAF-F282F8D3086E}.Debug|x64.ActiveCfg = Debug|Any CPU
		{BB6E35B4-0701-477C-8AAF-F282F8D3086E}.Debug|x64.Build.0 = Debug|Any CPU
		{BB6E35B4-0701-477C-8AAF-F282F8D3086E}.Debug|x86.ActiveCfg = Debug|Any CPU
		{BB6E35B4-0701-477C-8AAF-F282F8D3086E}.Debug|x86.Build.0 = Debug|Any CPU
		{BB6E35B4-0701-477C-8AAF-F282F8D3086E}.Release|Any CPU.ActiveCfg = Release|Any CPU
		{BB6E35B4-0701-477C-8AAF-F282F8D3086E}.Release|Any CPU.Build.0 = Release|Any CPU
		{BB6E35B4-0701-477C-8AAF-F282F8D3086E}.Release|x64.ActiveCfg = Release|Any CPU
		{BB6E35B4-0701-477C-8AAF-F282F8D3086E}.Release|x64.Build.0 = Release|Any CPU
		{BB6E35B4-0701-477C-8AAF-F282F8D3086E}.Release|x86.ActiveCfg = Release|Any CPU
		{BB6E35B4-0701-477C-8AAF-F282F8D3086E}.Release|x86.Build.0 = Release|Any CPU
	EndGlobalSection
EndGlobal
